// !$*UTF8*$!
{
	archiveVersion = 1;
	classes = {
	};
	objectVersion = 46;
	objects = {

/* Begin PBXBuildFile section */
		C226A9E11B09FFBD00FF8EE7 /* DownloadUtil.m in Sources */ = {isa = PBXBuildFile; fileRef = C226A9E01B09FFBD00FF8EE7 /* DownloadUtil.m */; };
		C226A9E41B0A00AD00FF8EE7 /* DBUtil.m in Sources */ = {isa = PBXBuildFile; fileRef = C226A9E31B0A00AD00FF8EE7 /* DBUtil.m */; };
		C226A9E61B0A010800FF8EE7 /* libsqlite3.0.dylib in Frameworks */ = {isa = PBXBuildFile; fileRef = C226A9E51B0A010800FF8EE7 /* libsqlite3.0.dylib */; };
		C226A9EF1B0A088000FF8EE7 /* userHundle.m in Sources */ = {isa = PBXBuildFile; fileRef = C226A9EE1B0A088000FF8EE7 /* userHundle.m */; };
		C226A9F11B0A213300FF8EE7 /* beanDB.sqlite in Resources */ = {isa = PBXBuildFile; fileRef = C226A9F01B0A213300FF8EE7 /* beanDB.sqlite */; };
		C23E9D7B1B032CD000358592 /* CacheSingleton.m in Sources */ = {isa = PBXBuildFile; fileRef = C23E9D7A1B032CD000358592 /* CacheSingleton.m */; };
		C25EB8DA1AF8A4F900B47AD5 /* main.m in Sources */ = {isa = PBXBuildFile; fileRef = C25EB8D91AF8A4F900B47AD5 /* main.m */; };
		C25EB8DD1AF8A4F900B47AD5 /* AppDelegate.m in Sources */ = {isa = PBXBuildFile; fileRef = C25EB8DC1AF8A4F900B47AD5 /* AppDelegate.m */; };
		C25EB8DF1AF8A4F900B47AD5 /* Images.xcassets in Resources */ = {isa = PBXBuildFile; fileRef = C25EB8DE1AF8A4F900B47AD5 /* Images.xcassets */; };
		C25EB8E21AF8A4F900B47AD5 /* LaunchScreen.xib in Resources */ = {isa = PBXBuildFile; fileRef = C25EB8E01AF8A4F900B47AD5 /* LaunchScreen.xib */; };
		C25EB8EE1AF8A4F900B47AD5 /* BeanTests.m in Sources */ = {isa = PBXBuildFile; fileRef = C25EB8ED1AF8A4F900B47AD5 /* BeanTests.m */; };
		C2A3B3691B005F3700181CEE /* CinemaListTableViewController.m in Sources */ = {isa = PBXBuildFile; fileRef = C2A3B3621B005F3700181CEE /* CinemaListTableViewController.m */; };
		C2A3B36A1B005F3700181CEE /* Cinema.m in Sources */ = {isa = PBXBuildFile; fileRef = C2A3B3651B005F3700181CEE /* Cinema.m */; };
		C2A3B36B1B005F3700181CEE /* CinemaListTableViewCell.m in Sources */ = {isa = PBXBuildFile; fileRef = C2A3B3681B005F3700181CEE /* CinemaListTableViewCell.m */; };
		C2A3B3771B0060DE00181CEE /* LoginViewController.m in Sources */ = {isa = PBXBuildFile; fileRef = C2A3B36E1B0060DE00181CEE /* LoginViewController.m */; };
		C2A3B3781B0060DE00181CEE /* RegistViewController.m in Sources */ = {isa = PBXBuildFile; fileRef = C2A3B3701B0060DE00181CEE /* RegistViewController.m */; };
		C2A3B3791B0060DE00181CEE /* LoginView.m in Sources */ = {isa = PBXBuildFile; fileRef = C2A3B3741B0060DE00181CEE /* LoginView.m */; };
		C2A3B37A1B0060DE00181CEE /* RegistView.m in Sources */ = {isa = PBXBuildFile; fileRef = C2A3B3761B0060DE00181CEE /* RegistView.m */; };
		C2A3B38D1B00640800181CEE /* MovieDetailViewController.m in Sources */ = {isa = PBXBuildFile; fileRef = C2A3B3801B00640800181CEE /* MovieDetailViewController.m */; };
		C2A3B38E1B00640800181CEE /* MovieListTableViewController.m in Sources */ = {isa = PBXBuildFile; fileRef = C2A3B3821B00640800181CEE /* MovieListTableViewController.m */; };
		C2A3B3911B00640800181CEE /* MovieDetailView.m in Sources */ = {isa = PBXBuildFile; fileRef = C2A3B38A1B00640800181CEE /* MovieDetailView.m */; };
		C2A3B3921B00640800181CEE /* MovieListTableViewCell.m in Sources */ = {isa = PBXBuildFile; fileRef = C2A3B38C1B00640800181CEE /* MovieListTableViewCell.m */; };
		C2A3B3A21B00648200181CEE /* InfoView.m in Sources */ = {isa = PBXBuildFile; fileRef = C2A3B3971B00648200181CEE /* InfoView.m */; };
		C2A3B3A31B00648200181CEE /* LTView.m in Sources */ = {isa = PBXBuildFile; fileRef = C2A3B3991B00648200181CEE /* LTView.m */; };
		C2A3B3A41B00648200181CEE /* UILabel+Additional.m in Sources */ = {isa = PBXBuildFile; fileRef = C2A3B39B1B00648200181CEE /* UILabel+Additional.m */; };
		C2A3B3A51B00648200181CEE /* UILabel+AdjustHeightForLabel.m in Sources */ = {isa = PBXBuildFile; fileRef = C2A3B39D1B00648200181CEE /* UILabel+AdjustHeightForLabel.m */; };
		C2A3B3A61B00648200181CEE /* UINavigationBar+NavBarCustomImage.m in Sources */ = {isa = PBXBuildFile; fileRef = C2A3B39F1B00648200181CEE /* UINavigationBar+NavBarCustomImage.m */; };
		C2A3B3A71B00648200181CEE /* UITextField+Additional.m in Sources */ = {isa = PBXBuildFile; fileRef = C2A3B3A11B00648200181CEE /* UITextField+Additional.m */; };
		C2A3B3B11B0064C700181CEE /* MyActivityTableViewController.m in Sources */ = {isa = PBXBuildFile; fileRef = C2A3B3AA1B0064C700181CEE /* MyActivityTableViewController.m */; };
		C2A3B3B21B0064C700181CEE /* MyMovieTableViewController.m in Sources */ = {isa = PBXBuildFile; fileRef = C2A3B3AC1B0064C700181CEE /* MyMovieTableViewController.m */; };
		C2A3B3B31B0064C700181CEE /* UserTableViewController.m in Sources */ = {isa = PBXBuildFile; fileRef = C2A3B3AE1B0064C700181CEE /* UserTableViewController.m */; };
		C2A3B3B61B00652E00181CEE /* User.m in Sources */ = {isa = PBXBuildFile; fileRef = C2A3B3B51B00652E00181CEE /* User.m */; };
		C2A3B3BA1B0065B600181CEE /* UserSingelton.m in Sources */ = {isa = PBXBuildFile; fileRef = C2A3B3B91B0065B600181CEE /* UserSingelton.m */; };
		C2C606401B061C6C00E847CD /* Movie.m in Sources */ = {isa = PBXBuildFile; fileRef = C2C6063D1B061C6C00E847CD /* Movie.m */; };
		C2C606411B061C6C00E847CD /* MovieDetail.m in Sources */ = {isa = PBXBuildFile; fileRef = C2C6063F1B061C6C00E847CD /* MovieDetail.m */; };
		C2C606441B061DDC00E847CD /* MovieListCollectionViewController.m in Sources */ = {isa = PBXBuildFile; fileRef = C2C606431B061DDC00E847CD /* MovieListCollectionViewController.m */; };
		C2C606471B06220D00E847CD /* MovieListCollectionViewCell.m in Sources */ = {isa = PBXBuildFile; fileRef = C2C606461B06220D00E847CD /* MovieListCollectionViewCell.m */; };
		C2D44EE41B003E2F003B12E6 /* ActivityDetailViewController.m in Sources */ = {isa = PBXBuildFile; fileRef = C2D44EDA1B003E2F003B12E6 /* ActivityDetailViewController.m */; };
		C2D44EE51B003E2F003B12E6 /* ActivityListTableViewController.m in Sources */ = {isa = PBXBuildFile; fileRef = C2D44EDC1B003E2F003B12E6 /* ActivityListTableViewController.m */; };
		C2D44EE71B003E2F003B12E6 /* ActivityDetailView.m in Sources */ = {isa = PBXBuildFile; fileRef = C2D44EE11B003E2F003B12E6 /* ActivityDetailView.m */; };
		C2D44EE81B003E2F003B12E6 /* ActivityListTableViewCell.m in Sources */ = {isa = PBXBuildFile; fileRef = C2D44EE31B003E2F003B12E6 /* ActivityListTableViewCell.m */; };
		C2D44EEB1B004747003B12E6 /* Activity.m in Sources */ = {isa = PBXBuildFile; fileRef = C2D44EEA1B004747003B12E6 /* Activity.m */; };
/* End PBXBuildFile section */

/* Begin PBXContainerItemProxy section */
		C25EB8E81AF8A4F900B47AD5 /* PBXContainerItemProxy */ = {
			isa = PBXContainerItemProxy;
			containerPortal = C25EB8CC1AF8A4F900B47AD5 /* Project object */;
			proxyType = 1;
			remoteGlobalIDString = C25EB8D31AF8A4F900B47AD5;
			remoteInfo = Bean;
		};
/* End PBXContainerItemProxy section */

/* Begin PBXFileReference section */
		C226A9DF1B09FFBD00FF8EE7 /* DownloadUtil.h */ = {isa = PBXFileReference; fileEncoding = 4; lastKnownFileType = sourcecode.c.h; path = DownloadUtil.h; sourceTree = "<group>"; };
		C226A9E01B09FFBD00FF8EE7 /* DownloadUtil.m */ = {isa = PBXFileReference; fileEncoding = 4; lastKnownFileType = sourcecode.c.objc; path = DownloadUtil.m; sourceTree = "<group>"; };
		C226A9E21B0A00AD00FF8EE7 /* DBUtil.h */ = {isa = PBXFileReference; fileEncoding = 4; lastKnownFileType = sourcecode.c.h; path = DBUtil.h; sourceTree = "<group>"; };
		C226A9E31B0A00AD00FF8EE7 /* DBUtil.m */ = {isa = PBXFileReference; fileEncoding = 4; lastKnownFileType = sourcecode.c.objc; path = DBUtil.m; sourceTree = "<group>"; };
		C226A9E51B0A010800FF8EE7 /* libsqlite3.0.dylib */ = {isa = PBXFileReference; lastKnownFileType = "compiled.mach-o.dylib"; name = libsqlite3.0.dylib; path = usr/lib/libsqlite3.0.dylib; sourceTree = SDKROOT; };
		C226A9ED1B0A088000FF8EE7 /* userHundle.h */ = {isa = PBXFileReference; fileEncoding = 4; lastKnownFileType = sourcecode.c.h; path = userHundle.h; sourceTree = "<group>"; };
		C226A9EE1B0A088000FF8EE7 /* userHundle.m */ = {isa = PBXFileReference; fileEncoding = 4; lastKnownFileType = sourcecode.c.objc; path = userHundle.m; sourceTree = "<group>"; };
		C226A9F01B0A213300FF8EE7 /* beanDB.sqlite */ = {isa = PBXFileReference; lastKnownFileType = file; path = beanDB.sqlite; sourceTree = "<group>"; };
		C23E9D791B032CD000358592 /* CacheSingleton.h */ = {isa = PBXFileReference; fileEncoding = 4; lastKnownFileType = sourcecode.c.h; path = CacheSingleton.h; sourceTree = "<group>"; };
		C23E9D7A1B032CD000358592 /* CacheSingleton.m */ = {isa = PBXFileReference; fileEncoding = 4; lastKnownFileType = sourcecode.c.objc; path = CacheSingleton.m; sourceTree = "<group>"; };
		C25EB8D41AF8A4F900B47AD5 /* Bean.app */ = {isa = PBXFileReference; explicitFileType = wrapper.application; includeInIndex = 0; path = Bean.app; sourceTree = BUILT_PRODUCTS_DIR; };
		C25EB8D81AF8A4F900B47AD5 /* Info.plist */ = {isa = PBXFileReference; lastKnownFileType = text.plist.xml; path = Info.plist; sourceTree = "<group>"; };
		C25EB8D91AF8A4F900B47AD5 /* main.m */ = {isa = PBXFileReference; lastKnownFileType = sourcecode.c.objc; path = main.m; sourceTree = "<group>"; };
		C25EB8DB1AF8A4F900B47AD5 /* AppDelegate.h */ = {isa = PBXFileReference; lastKnownFileType = sourcecode.c.h; path = AppDelegate.h; sourceTree = "<group>"; };
		C25EB8DC1AF8A4F900B47AD5 /* AppDelegate.m */ = {isa = PBXFileReference; lastKnownFileType = sourcecode.c.objc; path = AppDelegate.m; sourceTree = "<group>"; };
		C25EB8DE1AF8A4F900B47AD5 /* Images.xcassets */ = {isa = PBXFileReference; lastKnownFileType = folder.assetcatalog; path = Images.xcassets; sourceTree = "<group>"; };
		C25EB8E11AF8A4F900B47AD5 /* Base */ = {isa = PBXFileReference; lastKnownFileType = file.xib; name = Base; path = Base.lproj/LaunchScreen.xib; sourceTree = "<group>"; };
		C25EB8E71AF8A4F900B47AD5 /* BeanTests.xctest */ = {isa = PBXFileReference; explicitFileType = wrapper.cfbundle; includeInIndex = 0; path = BeanTests.xctest; sourceTree = BUILT_PRODUCTS_DIR; };
		C25EB8EC1AF8A4F900B47AD5 /* Info.plist */ = {isa = PBXFileReference; lastKnownFileType = text.plist.xml; path = Info.plist; sourceTree = "<group>"; };
		C25EB8ED1AF8A4F900B47AD5 /* BeanTests.m */ = {isa = PBXFileReference; lastKnownFileType = sourcecode.c.objc; path = BeanTests.m; sourceTree = "<group>"; };
		C2A3B3611B005F3700181CEE /* CinemaListTableViewController.h */ = {isa = PBXFileReference; fileEncoding = 4; lastKnownFileType = sourcecode.c.h; path = CinemaListTableViewController.h; sourceTree = "<group>"; };
		C2A3B3621B005F3700181CEE /* CinemaListTableViewController.m */ = {isa = PBXFileReference; fileEncoding = 4; lastKnownFileType = sourcecode.c.objc; path = CinemaListTableViewController.m; sourceTree = "<group>"; };
		C2A3B3641B005F3700181CEE /* Cinema.h */ = {isa = PBXFileReference; fileEncoding = 4; lastKnownFileType = sourcecode.c.h; path = Cinema.h; sourceTree = "<group>"; };
		C2A3B3651B005F3700181CEE /* Cinema.m */ = {isa = PBXFileReference; fileEncoding = 4; lastKnownFileType = sourcecode.c.objc; path = Cinema.m; sourceTree = "<group>"; };
		C2A3B3671B005F3700181CEE /* CinemaListTableViewCell.h */ = {isa = PBXFileReference; fileEncoding = 4; lastKnownFileType = sourcecode.c.h; path = CinemaListTableViewCell.h; sourceTree = "<group>"; };
		C2A3B3681B005F3700181CEE /* CinemaListTableViewCell.m */ = {isa = PBXFileReference; fileEncoding = 4; lastKnownFileType = sourcecode.c.objc; path = CinemaListTableViewCell.m; sourceTree = "<group>"; };
		C2A3B36D1B0060DE00181CEE /* LoginViewController.h */ = {isa = PBXFileReference; fileEncoding = 4; lastKnownFileType = sourcecode.c.h; path = LoginViewController.h; sourceTree = "<group>"; };
		C2A3B36E1B0060DE00181CEE /* LoginViewController.m */ = {isa = PBXFileReference; fileEncoding = 4; lastKnownFileType = sourcecode.c.objc; path = LoginViewController.m; sourceTree = "<group>"; };
		C2A3B36F1B0060DE00181CEE /* RegistViewController.h */ = {isa = PBXFileReference; fileEncoding = 4; lastKnownFileType = sourcecode.c.h; path = RegistViewController.h; sourceTree = "<group>"; };
		C2A3B3701B0060DE00181CEE /* RegistViewController.m */ = {isa = PBXFileReference; fileEncoding = 4; lastKnownFileType = sourcecode.c.objc; path = RegistViewController.m; sourceTree = "<group>"; };
		C2A3B3731B0060DE00181CEE /* LoginView.h */ = {isa = PBXFileReference; fileEncoding = 4; lastKnownFileType = sourcecode.c.h; path = LoginView.h; sourceTree = "<group>"; };
		C2A3B3741B0060DE00181CEE /* LoginView.m */ = {isa = PBXFileReference; fileEncoding = 4; lastKnownFileType = sourcecode.c.objc; path = LoginView.m; sourceTree = "<group>"; };
		C2A3B3751B0060DE00181CEE /* RegistView.h */ = {isa = PBXFileReference; fileEncoding = 4; lastKnownFileType = sourcecode.c.h; path = RegistView.h; sourceTree = "<group>"; };
		C2A3B3761B0060DE00181CEE /* RegistView.m */ = {isa = PBXFileReference; fileEncoding = 4; lastKnownFileType = sourcecode.c.objc; path = RegistView.m; sourceTree = "<group>"; };
		C2A3B37F1B00640800181CEE /* MovieDetailViewController.h */ = {isa = PBXFileReference; fileEncoding = 4; lastKnownFileType = sourcecode.c.h; path = MovieDetailViewController.h; sourceTree = "<group>"; };
		C2A3B3801B00640800181CEE /* MovieDetailViewController.m */ = {isa = PBXFileReference; fileEncoding = 4; lastKnownFileType = sourcecode.c.objc; path = MovieDetailViewController.m; sourceTree = "<group>"; };
		C2A3B3811B00640800181CEE /* MovieListTableViewController.h */ = {isa = PBXFileReference; fileEncoding = 4; lastKnownFileType = sourcecode.c.h; path = MovieListTableViewController.h; sourceTree = "<group>"; };
		C2A3B3821B00640800181CEE /* MovieListTableViewController.m */ = {isa = PBXFileReference; fileEncoding = 4; lastKnownFileType = sourcecode.c.objc; path = MovieListTableViewController.m; sourceTree = "<group>"; };
		C2A3B3891B00640800181CEE /* MovieDetailView.h */ = {isa = PBXFileReference; fileEncoding = 4; lastKnownFileType = sourcecode.c.h; path = MovieDetailView.h; sourceTree = "<group>"; };
		C2A3B38A1B00640800181CEE /* MovieDetailView.m */ = {isa = PBXFileReference; fileEncoding = 4; lastKnownFileType = sourcecode.c.objc; path = MovieDetailView.m; sourceTree = "<group>"; };
		C2A3B38B1B00640800181CEE /* MovieListTableViewCell.h */ = {isa = PBXFileReference; fileEncoding = 4; lastKnownFileType = sourcecode.c.h; path = MovieListTableViewCell.h; sourceTree = "<group>"; };
		C2A3B38C1B00640800181CEE /* MovieListTableViewCell.m */ = {isa = PBXFileReference; fileEncoding = 4; lastKnownFileType = sourcecode.c.objc; path = MovieListTableViewCell.m; sourceTree = "<group>"; };
		C2A3B3961B00648200181CEE /* InfoView.h */ = {isa = PBXFileReference; fileEncoding = 4; lastKnownFileType = sourcecode.c.h; path = InfoView.h; sourceTree = "<group>"; };
		C2A3B3971B00648200181CEE /* InfoView.m */ = {isa = PBXFileReference; fileEncoding = 4; lastKnownFileType = sourcecode.c.objc; path = InfoView.m; sourceTree = "<group>"; };
		C2A3B3981B00648200181CEE /* LTView.h */ = {isa = PBXFileReference; fileEncoding = 4; lastKnownFileType = sourcecode.c.h; path = LTView.h; sourceTree = "<group>"; };
		C2A3B3991B00648200181CEE /* LTView.m */ = {isa = PBXFileReference; fileEncoding = 4; lastKnownFileType = sourcecode.c.objc; path = LTView.m; sourceTree = "<group>"; };
		C2A3B39A1B00648200181CEE /* UILabel+Additional.h */ = {isa = PBXFileReference; fileEncoding = 4; lastKnownFileType = sourcecode.c.h; path = "UILabel+Additional.h"; sourceTree = "<group>"; };
		C2A3B39B1B00648200181CEE /* UILabel+Additional.m */ = {isa = PBXFileReference; fileEncoding = 4; lastKnownFileType = sourcecode.c.objc; path = "UILabel+Additional.m"; sourceTree = "<group>"; };
		C2A3B39C1B00648200181CEE /* UILabel+AdjustHeightForLabel.h */ = {isa = PBXFileReference; fileEncoding = 4; lastKnownFileType = sourcecode.c.h; path = "UILabel+AdjustHeightForLabel.h"; sourceTree = "<group>"; };
		C2A3B39D1B00648200181CEE /* UILabel+AdjustHeightForLabel.m */ = {isa = PBXFileReference; fileEncoding = 4; lastKnownFileType = sourcecode.c.objc; path = "UILabel+AdjustHeightForLabel.m"; sourceTree = "<group>"; };
		C2A3B39E1B00648200181CEE /* UINavigationBar+NavBarCustomImage.h */ = {isa = PBXFileReference; fileEncoding = 4; lastKnownFileType = sourcecode.c.h; path = "UINavigationBar+NavBarCustomImage.h"; sourceTree = "<group>"; };
		C2A3B39F1B00648200181CEE /* UINavigationBar+NavBarCustomImage.m */ = {isa = PBXFileReference; fileEncoding = 4; lastKnownFileType = sourcecode.c.objc; path = "UINavigationBar+NavBarCustomImage.m"; sourceTree = "<group>"; };
		C2A3B3A01B00648200181CEE /* UITextField+Additional.h */ = {isa = PBXFileReference; fileEncoding = 4; lastKnownFileType = sourcecode.c.h; path = "UITextField+Additional.h"; sourceTree = "<group>"; };
		C2A3B3A11B00648200181CEE /* UITextField+Additional.m */ = {isa = PBXFileReference; fileEncoding = 4; lastKnownFileType = sourcecode.c.objc; path = "UITextField+Additional.m"; sourceTree = "<group>"; };
		C2A3B3A91B0064C700181CEE /* MyActivityTableViewController.h */ = {isa = PBXFileReference; fileEncoding = 4; lastKnownFileType = sourcecode.c.h; path = MyActivityTableViewController.h; sourceTree = "<group>"; };
		C2A3B3AA1B0064C700181CEE /* MyActivityTableViewController.m */ = {isa = PBXFileReference; fileEncoding = 4; lastKnownFileType = sourcecode.c.objc; path = MyActivityTableViewController.m; sourceTree = "<group>"; };
		C2A3B3AB1B0064C700181CEE /* MyMovieTableViewController.h */ = {isa = PBXFileReference; fileEncoding = 4; lastKnownFileType = sourcecode.c.h; path = MyMovieTableViewController.h; sourceTree = "<group>"; };
		C2A3B3AC1B0064C700181CEE /* MyMovieTableViewController.m */ = {isa = PBXFileReference; fileEncoding = 4; lastKnownFileType = sourcecode.c.objc; path = MyMovieTableViewController.m; sourceTree = "<group>"; };
		C2A3B3AD1B0064C700181CEE /* UserTableViewController.h */ = {isa = PBXFileReference; fileEncoding = 4; lastKnownFileType = sourcecode.c.h; path = UserTableViewController.h; sourceTree = "<group>"; };
		C2A3B3AE1B0064C700181CEE /* UserTableViewController.m */ = {isa = PBXFileReference; fileEncoding = 4; lastKnownFileType = sourcecode.c.objc; path = UserTableViewController.m; sourceTree = "<group>"; };
		C2A3B3B41B00652E00181CEE /* User.h */ = {isa = PBXFileReference; fileEncoding = 4; lastKnownFileType = sourcecode.c.h; path = User.h; sourceTree = "<group>"; };
		C2A3B3B51B00652E00181CEE /* User.m */ = {isa = PBXFileReference; fileEncoding = 4; lastKnownFileType = sourcecode.c.objc; path = User.m; sourceTree = "<group>"; };
		C2A3B3B81B0065B600181CEE /* UserSingelton.h */ = {isa = PBXFileReference; fileEncoding = 4; lastKnownFileType = sourcecode.c.h; path = UserSingelton.h; sourceTree = "<group>"; };
		C2A3B3B91B0065B600181CEE /* UserSingelton.m */ = {isa = PBXFileReference; fileEncoding = 4; lastKnownFileType = sourcecode.c.objc; path = UserSingelton.m; sourceTree = "<group>"; };
		C2C6063C1B061C6C00E847CD /* Movie.h */ = {isa = PBXFileReference; fileEncoding = 4; lastKnownFileType = sourcecode.c.h; path = Movie.h; sourceTree = "<group>"; };
		C2C6063D1B061C6C00E847CD /* Movie.m */ = {isa = PBXFileReference; fileEncoding = 4; lastKnownFileType = sourcecode.c.objc; path = Movie.m; sourceTree = "<group>"; };
		C2C6063E1B061C6C00E847CD /* MovieDetail.h */ = {isa = PBXFileReference; fileEncoding = 4; lastKnownFileType = sourcecode.c.h; path = MovieDetail.h; sourceTree = "<group>"; };
		C2C6063F1B061C6C00E847CD /* MovieDetail.m */ = {isa = PBXFileReference; fileEncoding = 4; lastKnownFileType = sourcecode.c.objc; path = MovieDetail.m; sourceTree = "<group>"; };
		C2C606421B061DDC00E847CD /* MovieListCollectionViewController.h */ = {isa = PBXFileReference; fileEncoding = 4; lastKnownFileType = sourcecode.c.h; path = MovieListCollectionViewController.h; sourceTree = "<group>"; };
		C2C606431B061DDC00E847CD /* MovieListCollectionViewController.m */ = {isa = PBXFileReference; fileEncoding = 4; lastKnownFileType = sourcecode.c.objc; path = MovieListCollectionViewController.m; sourceTree = "<group>"; };
		C2C606451B06220D00E847CD /* MovieListCollectionViewCell.h */ = {isa = PBXFileReference; fileEncoding = 4; lastKnownFileType = sourcecode.c.h; path = MovieListCollectionViewCell.h; sourceTree = "<group>"; };
		C2C606461B06220D00E847CD /* MovieListCollectionViewCell.m */ = {isa = PBXFileReference; fileEncoding = 4; lastKnownFileType = sourcecode.c.objc; path = MovieListCollectionViewCell.m; sourceTree = "<group>"; };
		C2D44ED91B003E2F003B12E6 /* ActivityDetailViewController.h */ = {isa = PBXFileReference; fileEncoding = 4; lastKnownFileType = sourcecode.c.h; path = ActivityDetailViewController.h; sourceTree = "<group>"; };
		C2D44EDA1B003E2F003B12E6 /* ActivityDetailViewController.m */ = {isa = PBXFileReference; fileEncoding = 4; lastKnownFileType = sourcecode.c.objc; path = ActivityDetailViewController.m; sourceTree = "<group>"; };
		C2D44EDB1B003E2F003B12E6 /* ActivityListTableViewController.h */ = {isa = PBXFileReference; fileEncoding = 4; lastKnownFileType = sourcecode.c.h; path = ActivityListTableViewController.h; sourceTree = "<group>"; };
		C2D44EDC1B003E2F003B12E6 /* ActivityListTableViewController.m */ = {isa = PBXFileReference; fileEncoding = 4; lastKnownFileType = sourcecode.c.objc; path = ActivityListTableViewController.m; sourceTree = "<group>"; };
		C2D44EE01B003E2F003B12E6 /* ActivityDetailView.h */ = {isa = PBXFileReference; fileEncoding = 4; lastKnownFileType = sourcecode.c.h; path = ActivityDetailView.h; sourceTree = "<group>"; };
		C2D44EE11B003E2F003B12E6 /* ActivityDetailView.m */ = {isa = PBXFileReference; fileEncoding = 4; lastKnownFileType = sourcecode.c.objc; path = ActivityDetailView.m; sourceTree = "<group>"; };
		C2D44EE21B003E2F003B12E6 /* ActivityListTableViewCell.h */ = {isa = PBXFileReference; fileEncoding = 4; lastKnownFileType = sourcecode.c.h; path = ActivityListTableViewCell.h; sourceTree = "<group>"; };
		C2D44EE31B003E2F003B12E6 /* ActivityListTableViewCell.m */ = {isa = PBXFileReference; fileEncoding = 4; lastKnownFileType = sourcecode.c.objc; path = ActivityListTableViewCell.m; sourceTree = "<group>"; };
		C2D44EE91B004747003B12E6 /* Activity.h */ = {isa = PBXFileReference; fileEncoding = 4; lastKnownFileType = sourcecode.c.h; path = Activity.h; sourceTree = "<group>"; };
		C2D44EEA1B004747003B12E6 /* Activity.m */ = {isa = PBXFileReference; fileEncoding = 4; lastKnownFileType = sourcecode.c.objc; path = Activity.m; sourceTree = "<group>"; };
/* End PBXFileReference section */

/* Begin PBXFrameworksBuildPhase section */
		C25EB8D11AF8A4F900B47AD5 /* Frameworks */ = {
			isa = PBXFrameworksBuildPhase;
			buildActionMask = 2147483647;
			files = (
				C226A9E61B0A010800FF8EE7 /* libsqlite3.0.dylib in Frameworks */,
			);
			runOnlyForDeploymentPostprocessing = 0;
		};
		C25EB8E41AF8A4F900B47AD5 /* Frameworks */ = {
			isa = PBXFrameworksBuildPhase;
			buildActionMask = 2147483647;
			files = (
			);
			runOnlyForDeploymentPostprocessing = 0;
		};
/* End PBXFrameworksBuildPhase section */

/* Begin PBXGroup section */
		C226A9EC1B0A085C00FF8EE7 /* Hundle */ = {
			isa = PBXGroup;
			children = (
				C226A9ED1B0A088000FF8EE7 /* userHundle.h */,
				C226A9EE1B0A088000FF8EE7 /* userHundle.m */,
			);
			path = Hundle;
			sourceTree = "<group>";
		};
		C25EB8CB1AF8A4F900B47AD5 = {
			isa = PBXGroup;
			children = (
				C226A9E51B0A010800FF8EE7 /* libsqlite3.0.dylib */,
				C2CC2DE61AF9A802005FE9B4 /* Common */,
				C25EB8F71AF8A60000B47AD5 /* Activity */,
				C25EB8F81AF8A60000B47AD5 /* Cinema */,
				C25EB8F91AF8A60000B47AD5 /* Login */,
				C25EB8FA1AF8A60000B47AD5 /* Movie */,
				C25EB8FB1AF8A60000B47AD5 /* User */,
				C25EB8D61AF8A4F900B47AD5 /* Bean */,
				C25EB8EA1AF8A4F900B47AD5 /* BeanTests */,
				C25EB8D51AF8A4F900B47AD5 /* Products */,
			);
			sourceTree = "<group>";
		};
		C25EB8D51AF8A4F900B47AD5 /* Products */ = {
			isa = PBXGroup;
			children = (
				C25EB8D41AF8A4F900B47AD5 /* Bean.app */,
				C25EB8E71AF8A4F900B47AD5 /* BeanTests.xctest */,
			);
			name = Products;
			sourceTree = "<group>";
		};
		C25EB8D61AF8A4F900B47AD5 /* Bean */ = {
			isa = PBXGroup;
			children = (
				C25EB8DB1AF8A4F900B47AD5 /* AppDelegate.h */,
				C25EB8DC1AF8A4F900B47AD5 /* AppDelegate.m */,
				C25EB8DE1AF8A4F900B47AD5 /* Images.xcassets */,
				C25EB8E01AF8A4F900B47AD5 /* LaunchScreen.xib */,
				C25EB8D71AF8A4F900B47AD5 /* Supporting Files */,
			);
			path = Bean;
			sourceTree = "<group>";
		};
		C25EB8D71AF8A4F900B47AD5 /* Supporting Files */ = {
			isa = PBXGroup;
			children = (
				C25EB8D81AF8A4F900B47AD5 /* Info.plist */,
				C25EB8D91AF8A4F900B47AD5 /* main.m */,
			);
			name = "Supporting Files";
			sourceTree = "<group>";
		};
		C25EB8EA1AF8A4F900B47AD5 /* BeanTests */ = {
			isa = PBXGroup;
			children = (
				C25EB8ED1AF8A4F900B47AD5 /* BeanTests.m */,
				C25EB8EB1AF8A4F900B47AD5 /* Supporting Files */,
			);
			path = BeanTests;
			sourceTree = "<group>";
		};
		C25EB8EB1AF8A4F900B47AD5 /* Supporting Files */ = {
			isa = PBXGroup;
			children = (
				C25EB8EC1AF8A4F900B47AD5 /* Info.plist */,
			);
			name = "Supporting Files";
			sourceTree = "<group>";
		};
		C25EB8F71AF8A60000B47AD5 /* Activity */ = {
			isa = PBXGroup;
			children = (
				C2D44ED81B003E2F003B12E6 /* Controller */,
				C2D44EDD1B003E2F003B12E6 /* Model */,
				C2D44EDF1B003E2F003B12E6 /* View */,
			);
			name = Activity;
			path = Bean/Activity;
			sourceTree = "<group>";
		};
		C25EB8F81AF8A60000B47AD5 /* Cinema */ = {
			isa = PBXGroup;
			children = (
				C2A3B3601B005F3700181CEE /* Controller */,
				C2A3B3631B005F3700181CEE /* Model */,
				C2A3B3661B005F3700181CEE /* View */,
			);
			name = Cinema;
			path = Bean/Cinema;
			sourceTree = "<group>";
		};
		C25EB8F91AF8A60000B47AD5 /* Login */ = {
			isa = PBXGroup;
			children = (
				C2A3B36C1B0060DE00181CEE /* Controller */,
				C2A3B3711B0060DE00181CEE /* Model */,
				C2A3B3721B0060DE00181CEE /* View */,
			);
			name = Login;
			path = Bean/Login;
			sourceTree = "<group>";
		};
		C25EB8FA1AF8A60000B47AD5 /* Movie */ = {
			isa = PBXGroup;
			children = (
				C2C6063B1B061C6C00E847CD /* Model */,
				C2A3B37E1B00640800181CEE /* Controller */,
				C2A3B3881B00640800181CEE /* View */,
			);
			name = Movie;
			path = Bean/Movie;
			sourceTree = "<group>";
		};
		C25EB8FB1AF8A60000B47AD5 /* User */ = {
			isa = PBXGroup;
			children = (
				C226A9EC1B0A085C00FF8EE7 /* Hundle */,
				C2A3B3A81B0064C700181CEE /* Controller */,
				C2A3B3AF1B0064C700181CEE /* Model */,
				C2A3B3B01B0064C700181CEE /* View */,
			);
			name = User;
			path = Bean/User;
			sourceTree = "<group>";
		};
		C2A3B3601B005F3700181CEE /* Controller */ = {
			isa = PBXGroup;
			children = (
				C2A3B3611B005F3700181CEE /* CinemaListTableViewController.h */,
				C2A3B3621B005F3700181CEE /* CinemaListTableViewController.m */,
			);
			path = Controller;
			sourceTree = "<group>";
		};
		C2A3B3631B005F3700181CEE /* Model */ = {
			isa = PBXGroup;
			children = (
				C2A3B3641B005F3700181CEE /* Cinema.h */,
				C2A3B3651B005F3700181CEE /* Cinema.m */,
			);
			path = Model;
			sourceTree = "<group>";
		};
		C2A3B3661B005F3700181CEE /* View */ = {
			isa = PBXGroup;
			children = (
				C2A3B3671B005F3700181CEE /* CinemaListTableViewCell.h */,
				C2A3B3681B005F3700181CEE /* CinemaListTableViewCell.m */,
			);
			path = View;
			sourceTree = "<group>";
		};
		C2A3B36C1B0060DE00181CEE /* Controller */ = {
			isa = PBXGroup;
			children = (
				C2A3B36D1B0060DE00181CEE /* LoginViewController.h */,
				C2A3B36E1B0060DE00181CEE /* LoginViewController.m */,
				C2A3B36F1B0060DE00181CEE /* RegistViewController.h */,
				C2A3B3701B0060DE00181CEE /* RegistViewController.m */,
			);
			path = Controller;
			sourceTree = "<group>";
		};
		C2A3B3711B0060DE00181CEE /* Model */ = {
			isa = PBXGroup;
			children = (
			);
			path = Model;
			sourceTree = "<group>";
		};
		C2A3B3721B0060DE00181CEE /* View */ = {
			isa = PBXGroup;
			children = (
				C2A3B3731B0060DE00181CEE /* LoginView.h */,
				C2A3B3741B0060DE00181CEE /* LoginView.m */,
				C2A3B3751B0060DE00181CEE /* RegistView.h */,
				C2A3B3761B0060DE00181CEE /* RegistView.m */,
			);
			path = View;
			sourceTree = "<group>";
		};
		C2A3B37E1B00640800181CEE /* Controller */ = {
			isa = PBXGroup;
			children = (
				C2A3B37F1B00640800181CEE /* MovieDetailViewController.h */,
				C2A3B3801B00640800181CEE /* MovieDetailViewController.m */,
				C2A3B3811B00640800181CEE /* MovieListTableViewController.h */,
				C2A3B3821B00640800181CEE /* MovieListTableViewController.m */,
				C2C606421B061DDC00E847CD /* MovieListCollectionViewController.h */,
				C2C606431B061DDC00E847CD /* MovieListCollectionViewController.m */,
			);
			path = Controller;
			sourceTree = "<group>";
		};
		C2A3B3881B00640800181CEE /* View */ = {
			isa = PBXGroup;
			children = (
				C2A3B3891B00640800181CEE /* MovieDetailView.h */,
				C2A3B38A1B00640800181CEE /* MovieDetailView.m */,
				C2A3B38B1B00640800181CEE /* MovieListTableViewCell.h */,
				C2A3B38C1B00640800181CEE /* MovieListTableViewCell.m */,
				C2C606451B06220D00E847CD /* MovieListCollectionViewCell.h */,
				C2C606461B06220D00E847CD /* MovieListCollectionViewCell.m */,
			);
			path = View;
			sourceTree = "<group>";
		};
		C2A3B3931B00648200181CEE /* Controller */ = {
			isa = PBXGroup;
			children = (
			);
			path = Controller;
			sourceTree = "<group>";
		};
		C2A3B3941B00648200181CEE /* Model */ = {
			isa = PBXGroup;
			children = (
				C226A9F01B0A213300FF8EE7 /* beanDB.sqlite */,
				C226A9DF1B09FFBD00FF8EE7 /* DownloadUtil.h */,
				C226A9E01B09FFBD00FF8EE7 /* DownloadUtil.m */,
				C23E9D791B032CD000358592 /* CacheSingleton.h */,
				C23E9D7A1B032CD000358592 /* CacheSingleton.m */,
				C226A9E21B0A00AD00FF8EE7 /* DBUtil.h */,
				C226A9E31B0A00AD00FF8EE7 /* DBUtil.m */,
			);
			path = Model;
			sourceTree = "<group>";
		};
		C2A3B3951B00648200181CEE /* View */ = {
			isa = PBXGroup;
			children = (
				C2A3B3961B00648200181CEE /* InfoView.h */,
				C2A3B3971B00648200181CEE /* InfoView.m */,
				C2A3B3981B00648200181CEE /* LTView.h */,
				C2A3B3991B00648200181CEE /* LTView.m */,
				C2A3B39A1B00648200181CEE /* UILabel+Additional.h */,
				C2A3B39B1B00648200181CEE /* UILabel+Additional.m */,
				C2A3B39C1B00648200181CEE /* UILabel+AdjustHeightForLabel.h */,
				C2A3B39D1B00648200181CEE /* UILabel+AdjustHeightForLabel.m */,
				C2A3B39E1B00648200181CEE /* UINavigationBar+NavBarCustomImage.h */,
				C2A3B39F1B00648200181CEE /* UINavigationBar+NavBarCustomImage.m */,
				C2A3B3A01B00648200181CEE /* UITextField+Additional.h */,
				C2A3B3A11B00648200181CEE /* UITextField+Additional.m */,
			);
			path = View;
			sourceTree = "<group>";
		};
		C2A3B3A81B0064C700181CEE /* Controller */ = {
			isa = PBXGroup;
			children = (
				C2A3B3A91B0064C700181CEE /* MyActivityTableViewController.h */,
				C2A3B3AA1B0064C700181CEE /* MyActivityTableViewController.m */,
				C2A3B3AB1B0064C700181CEE /* MyMovieTableViewController.h */,
				C2A3B3AC1B0064C700181CEE /* MyMovieTableViewController.m */,
				C2A3B3AD1B0064C700181CEE /* UserTableViewController.h */,
				C2A3B3AE1B0064C700181CEE /* UserTableViewController.m */,
			);
			path = Controller;
			sourceTree = "<group>";
		};
		C2A3B3AF1B0064C700181CEE /* Model */ = {
			isa = PBXGroup;
			children = (
				C2A3B3B71B0065B600181CEE /* Singelton */,
				C2A3B3B41B00652E00181CEE /* User.h */,
				C2A3B3B51B00652E00181CEE /* User.m */,
			);
			path = Model;
			sourceTree = "<group>";
		};
		C2A3B3B01B0064C700181CEE /* View */ = {
			isa = PBXGroup;
			children = (
			);
			path = View;
			sourceTree = "<group>";
		};
		C2A3B3B71B0065B600181CEE /* Singelton */ = {
			isa = PBXGroup;
			children = (
				C2A3B3B81B0065B600181CEE /* UserSingelton.h */,
				C2A3B3B91B0065B600181CEE /* UserSingelton.m */,
			);
			path = Singelton;
			sourceTree = "<group>";
		};
		C2C6063B1B061C6C00E847CD /* Model */ = {
			isa = PBXGroup;
			children = (
				C2C6063C1B061C6C00E847CD /* Movie.h */,
				C2C6063D1B061C6C00E847CD /* Movie.m */,
				C2C6063E1B061C6C00E847CD /* MovieDetail.h */,
				C2C6063F1B061C6C00E847CD /* MovieDetail.m */,
			);
			path = Model;
			sourceTree = "<group>";
		};
		C2CC2DE61AF9A802005FE9B4 /* Common */ = {
			isa = PBXGroup;
			children = (
				C2A3B3931B00648200181CEE /* Controller */,
				C2A3B3941B00648200181CEE /* Model */,
				C2A3B3951B00648200181CEE /* View */,
			);
			name = Common;
			path = Bean/Common;
			sourceTree = "<group>";
		};
		C2D44ED81B003E2F003B12E6 /* Controller */ = {
			isa = PBXGroup;
			children = (
				C2D44EDB1B003E2F003B12E6 /* ActivityListTableViewController.h */,
				C2D44EDC1B003E2F003B12E6 /* ActivityListTableViewController.m */,
				C2D44ED91B003E2F003B12E6 /* ActivityDetailViewController.h */,
				C2D44EDA1B003E2F003B12E6 /* ActivityDetailViewController.m */,
			);
			path = Controller;
			sourceTree = "<group>";
		};
		C2D44EDD1B003E2F003B12E6 /* Model */ = {
			isa = PBXGroup;
			children = (
				C2D44EE91B004747003B12E6 /* Activity.h */,
				C2D44EEA1B004747003B12E6 /* Activity.m */,
			);
			path = Model;
			sourceTree = "<group>";
		};
		C2D44EDF1B003E2F003B12E6 /* View */ = {
			isa = PBXGroup;
			children = (
				C2D44EE01B003E2F003B12E6 /* ActivityDetailView.h */,
				C2D44EE11B003E2F003B12E6 /* ActivityDetailView.m */,
				C2D44EE21B003E2F003B12E6 /* ActivityListTableViewCell.h */,
				C2D44EE31B003E2F003B12E6 /* ActivityListTableViewCell.m */,
			);
			path = View;
			sourceTree = "<group>";
		};
/* End PBXGroup section */

/* Begin PBXNativeTarget section */
		C25EB8D31AF8A4F900B47AD5 /* Bean */ = {
			isa = PBXNativeTarget;
			buildConfigurationList = C25EB8F11AF8A4F900B47AD5 /* Build configuration list for PBXNativeTarget "Bean" */;
			buildPhases = (
				C25EB8D01AF8A4F900B47AD5 /* Sources */,
				C25EB8D11AF8A4F900B47AD5 /* Frameworks */,
				C25EB8D21AF8A4F900B47AD5 /* Resources */,
			);
			buildRules = (
			);
			dependencies = (
			);
			name = Bean;
			productName = Bean;
			productReference = C25EB8D41AF8A4F900B47AD5 /* Bean.app */;
			productType = "com.apple.product-type.application";
		};
		C25EB8E61AF8A4F900B47AD5 /* BeanTests */ = {
			isa = PBXNativeTarget;
			buildConfigurationList = C25EB8F41AF8A4F900B47AD5 /* Build configuration list for PBXNativeTarget "BeanTests" */;
			buildPhases = (
				C25EB8E31AF8A4F900B47AD5 /* Sources */,
				C25EB8E41AF8A4F900B47AD5 /* Frameworks */,
				C25EB8E51AF8A4F900B47AD5 /* Resources */,
			);
			buildRules = (
			);
			dependencies = (
				C25EB8E91AF8A4F900B47AD5 /* PBXTargetDependency */,
			);
			name = BeanTests;
			productName = BeanTests;
			productReference = C25EB8E71AF8A4F900B47AD5 /* BeanTests.xctest */;
			productType = "com.apple.product-type.bundle.unit-test";
		};
/* End PBXNativeTarget section */

/* Begin PBXProject section */
		C25EB8CC1AF8A4F900B47AD5 /* Project object */ = {
			isa = PBXProject;
			attributes = {
				LastUpgradeCheck = 0620;
				ORGANIZATIONNAME = guanxiaobai;
				TargetAttributes = {
					C25EB8D31AF8A4F900B47AD5 = {
						CreatedOnToolsVersion = 6.2;
					};
					C25EB8E61AF8A4F900B47AD5 = {
						CreatedOnToolsVersion = 6.2;
						TestTargetID = C25EB8D31AF8A4F900B47AD5;
					};
				};
			};
			buildConfigurationList = C25EB8CF1AF8A4F900B47AD5 /* Build configuration list for PBXProject "Bean" */;
			compatibilityVersion = "Xcode 3.2";
			developmentRegion = English;
			hasScannedForEncodings = 0;
			knownRegions = (
				en,
				Base,
			);
			mainGroup = C25EB8CB1AF8A4F900B47AD5;
			productRefGroup = C25EB8D51AF8A4F900B47AD5 /* Products */;
			projectDirPath = "";
			projectRoot = "";
			targets = (
				C25EB8D31AF8A4F900B47AD5 /* Bean */,
				C25EB8E61AF8A4F900B47AD5 /* BeanTests */,
			);
		};
/* End PBXProject section */

/* Begin PBXResourcesBuildPhase section */
		C25EB8D21AF8A4F900B47AD5 /* Resources */ = {
			isa = PBXResourcesBuildPhase;
			buildActionMask = 2147483647;
			files = (
				C25EB8E21AF8A4F900B47AD5 /* LaunchScreen.xib in Resources */,
				C226A9F11B0A213300FF8EE7 /* beanDB.sqlite in Resources */,
				C25EB8DF1AF8A4F900B47AD5 /* Images.xcassets in Resources */,
			);
			runOnlyForDeploymentPostprocessing = 0;
		};
		C25EB8E51AF8A4F900B47AD5 /* Resources */ = {
			isa = PBXResourcesBuildPhase;
			buildActionMask = 2147483647;
			files = (
			);
			runOnlyForDeploymentPostprocessing = 0;
		};
/* End PBXResourcesBuildPhase section */

/* Begin PBXSourcesBuildPhase section */
		C25EB8D01AF8A4F900B47AD5 /* Sources */ = {
			isa = PBXSourcesBuildPhase;
			buildActionMask = 2147483647;
			files = (
				C2A3B3B21B0064C700181CEE /* MyMovieTableViewController.m in Sources */,
				C2A3B38E1B00640800181CEE /* MovieListTableViewController.m in Sources */,
				C2C606401B061C6C00E847CD /* Movie.m in Sources */,
				C2C606411B061C6C00E847CD /* MovieDetail.m in Sources */,
				C2A3B3A21B00648200181CEE /* InfoView.m in Sources */,
				C2A3B3771B0060DE00181CEE /* LoginViewController.m in Sources */,
				C2A3B3911B00640800181CEE /* MovieDetailView.m in Sources */,
				C2A3B3A71B00648200181CEE /* UITextField+Additional.m in Sources */,
				C2D44EE71B003E2F003B12E6 /* ActivityDetailView.m in Sources */,
				C226A9E11B09FFBD00FF8EE7 /* DownloadUtil.m in Sources */,
				C226A9EF1B0A088000FF8EE7 /* userHundle.m in Sources */,
				C2A3B3BA1B0065B600181CEE /* UserSingelton.m in Sources */,
				C226A9E41B0A00AD00FF8EE7 /* DBUtil.m in Sources */,
				C2A3B38D1B00640800181CEE /* MovieDetailViewController.m in Sources */,
				C2A3B3921B00640800181CEE /* MovieListTableViewCell.m in Sources */,
				C2A3B37A1B0060DE00181CEE /* RegistView.m in Sources */,
				C2A3B3B61B00652E00181CEE /* User.m in Sources */,
				C2A3B3A41B00648200181CEE /* UILabel+Additional.m in Sources */,
				C2D44EE51B003E2F003B12E6 /* ActivityListTableViewController.m in Sources */,
				C2D44EE81B003E2F003B12E6 /* ActivityListTableViewCell.m in Sources */,
				C2C606441B061DDC00E847CD /* MovieListCollectionViewController.m in Sources */,
				C25EB8DD1AF8A4F900B47AD5 /* AppDelegate.m in Sources */,
				C2D44EEB1B004747003B12E6 /* Activity.m in Sources */,
				C2A3B36B1B005F3700181CEE /* CinemaListTableViewCell.m in Sources */,
				C2A3B3B31B0064C700181CEE /* UserTableViewController.m in Sources */,
				C2D44EE41B003E2F003B12E6 /* ActivityDetailViewController.m in Sources */,
				C2A3B3A31B00648200181CEE /* LTView.m in Sources */,
				C2A3B3B11B0064C700181CEE /* MyActivityTableViewController.m in Sources */,
				C2A3B3A61B00648200181CEE /* UINavigationBar+NavBarCustomImage.m in Sources */,
				C2A3B3791B0060DE00181CEE /* LoginView.m in Sources */,
				C25EB8DA1AF8A4F900B47AD5 /* main.m in Sources */,
				C2C606471B06220D00E847CD /* MovieListCollectionViewCell.m in Sources */,
				C23E9D7B1B032CD000358592 /* CacheSingleton.m in Sources */,
				C2A3B3A51B00648200181CEE /* UILabel+AdjustHeightForLabel.m in Sources */,
				C2A3B3781B0060DE00181CEE /* RegistViewController.m in Sources */,
				C2A3B3691B005F3700181CEE /* CinemaListTableViewController.m in Sources */,
				C2A3B36A1B005F3700181CEE /* Cinema.m in Sources */,
			);
			runOnlyForDeploymentPostprocessing = 0;
		};
		C25EB8E31AF8A4F900B47AD5 /* Sources */ = {
			isa = PBXSourcesBuildPhase;
			buildActionMask = 2147483647;
			files = (
				C25EB8EE1AF8A4F900B47AD5 /* BeanTests.m in Sources */,
			);
			runOnlyForDeploymentPostprocessing = 0;
		};
/* End PBXSourcesBuildPhase section */

/* Begin PBXTargetDependency section */
		C25EB8E91AF8A4F900B47AD5 /* PBXTargetDependency */ = {
			isa = PBXTargetDependency;
			target = C25EB8D31AF8A4F900B47AD5 /* Bean */;
			targetProxy = C25EB8E81AF8A4F900B47AD5 /* PBXContainerItemProxy */;
		};
/* End PBXTargetDependency section */

/* Begin PBXVariantGroup section */
		C25EB8E01AF8A4F900B47AD5 /* LaunchScreen.xib */ = {
			isa = PBXVariantGroup;
			children = (
				C25EB8E11AF8A4F900B47AD5 /* Base */,
			);
			name = LaunchScreen.xib;
			sourceTree = "<group>";
		};
/* End PBXVariantGroup section */

/* Begin XCBuildConfiguration section */
		C25EB8EF1AF8A4F900B47AD5 /* Debug */ = {
			isa = XCBuildConfiguration;
			buildSettings = {
				ALWAYS_SEARCH_USER_PATHS = NO;
				CLANG_CXX_LANGUAGE_STANDARD = "gnu++0x";
				CLANG_CXX_LIBRARY = "libc++";
				CLANG_ENABLE_MODULES = YES;
				CLANG_ENABLE_OBJC_ARC = YES;
				CLANG_WARN_BOOL_CONVERSION = YES;
				CLANG_WARN_CONSTANT_CONVERSION = YES;
				CLANG_WARN_DIRECT_OBJC_ISA_USAGE = YES_ERROR;
				CLANG_WARN_EMPTY_BODY = YES;
				CLANG_WARN_ENUM_CONVERSION = YES;
				CLANG_WARN_INT_CONVERSION = YES;
				CLANG_WARN_OBJC_ROOT_CLASS = YES_ERROR;
				CLANG_WARN_UNREACHABLE_CODE = YES;
				CLANG_WARN__DUPLICATE_METHOD_MATCH = YES;
				CODE_SIGN_IDENTITY = "iPhone Developer: Yayun Cui (G392G3GC66)";
				"CODE_SIGN_IDENTITY[sdk=iphoneos*]" = "iPhone Developer";
				COPY_PHASE_STRIP = NO;
				ENABLE_STRICT_OBJC_MSGSEND = YES;
				GCC_C_LANGUAGE_STANDARD = gnu99;
				GCC_DYNAMIC_NO_PIC = NO;
				GCC_OPTIMIZATION_LEVEL = 0;
				GCC_PREPROCESSOR_DEFINITIONS = (
					"DEBUG=1",
					"$(inherited)",
				);
				GCC_SYMBOLS_PRIVATE_EXTERN = NO;
				GCC_WARN_64_TO_32_BIT_CONVERSION = YES;
				GCC_WARN_ABOUT_RETURN_TYPE = YES_ERROR;
				GCC_WARN_UNDECLARED_SELECTOR = YES;
				GCC_WARN_UNINITIALIZED_AUTOS = YES_AGGRESSIVE;
				GCC_WARN_UNUSED_FUNCTION = YES;
				GCC_WARN_UNUSED_VARIABLE = YES;
				IPHONEOS_DEPLOYMENT_TARGET = 7.0;
				MTL_ENABLE_DEBUG_INFO = YES;
				ONLY_ACTIVE_ARCH = YES;
				SDKROOT = iphoneos;
			};
			name = Debug;
		};
		C25EB8F01AF8A4F900B47AD5 /* Release */ = {
			isa = XCBuildConfiguration;
			buildSettings = {
				ALWAYS_SEARCH_USER_PATHS = NO;
				CLANG_CXX_LANGUAGE_STANDARD = "gnu++0x";
				CLANG_CXX_LIBRARY = "libc++";
				CLANG_ENABLE_MODULES = YES;
				CLANG_ENABLE_OBJC_ARC = YES;
				CLANG_WARN_BOOL_CONVERSION = YES;
				CLANG_WARN_CONSTANT_CONVERSION = YES;
				CLANG_WARN_DIRECT_OBJC_ISA_USAGE = YES_ERROR;
				CLANG_WARN_EMPTY_BODY = YES;
				CLANG_WARN_ENUM_CONVERSION = YES;
				CLANG_WARN_INT_CONVERSION = YES;
				CLANG_WARN_OBJC_ROOT_CLASS = YES_ERROR;
				CLANG_WARN_UNREACHABLE_CODE = YES;
				CLANG_WARN__DUPLICATE_METHOD_MATCH = YES;
				CODE_SIGN_IDENTITY = "iPhone Developer: Yayun Cui (G392G3GC66)";
				"CODE_SIGN_IDENTITY[sdk=iphoneos*]" = "iPhone Developer";
				COPY_PHASE_STRIP = NO;
				ENABLE_NS_ASSERTIONS = NO;
				ENABLE_STRICT_OBJC_MSGSEND = YES;
				GCC_C_LANGUAGE_STANDARD = gnu99;
				GCC_WARN_64_TO_32_BIT_CONVERSION = YES;
				GCC_WARN_ABOUT_RETURN_TYPE = YES_ERROR;
				GCC_WARN_UNDECLARED_SELECTOR = YES;
				GCC_WARN_UNINITIALIZED_AUTOS = YES_AGGRESSIVE;
				GCC_WARN_UNUSED_FUNCTION = YES;
				GCC_WARN_UNUSED_VARIABLE = YES;
				IPHONEOS_DEPLOYMENT_TARGET = 7.0;
				MTL_ENABLE_DEBUG_INFO = NO;
				SDKROOT = iphoneos;
				VALIDATE_PRODUCT = YES;
			};
			name = Release;
		};
		C25EB8F21AF8A4F900B47AD5 /* Debug */ = {
			isa = XCBuildConfiguration;
			buildSettings = {
				ASSETCATALOG_COMPILER_APPICON_NAME = AppIcon;
				CLANG_ENABLE_OBJC_ARC = NO;
				CODE_SIGN_IDENTITY = "iPhone Developer: Yayun Cui (G392G3GC66)";
				INFOPLIST_FILE = Bean/Info.plist;
				IPHONEOS_DEPLOYMENT_TARGET = 8.0;
				LD_RUNPATH_SEARCH_PATHS = "$(inherited) @executable_path/Frameworks";
				PRODUCT_NAME = "$(TARGET_NAME)";
				PROVISIONING_PROFILE = "dc4ded32-56eb-4b5a-b86b-0ac2fa1038f6";
			};
			name = Debug;
		};
		C25EB8F31AF8A4F900B47AD5 /* Release */ = {
			isa = XCBuildConfiguration;
			buildSettings = {
				ASSETCATALOG_COMPILER_APPICON_NAME = AppIcon;
				CLANG_ENABLE_OBJC_ARC = NO;
				CODE_SIGN_IDENTITY = "iPhone Developer: Yayun Cui (G392G3GC66)";
				INFOPLIST_FILE = Bean/Info.plist;
				IPHONEOS_DEPLOYMENT_TARGET = 8.0;
				LD_RUNPATH_SEARCH_PATHS = "$(inherited) @executable_path/Frameworks";
				PRODUCT_NAME = "$(TARGET_NAME)";
				PROVISIONING_PROFILE = "dc4ded32-56eb-4b5a-b86b-0ac2fa1038f6";
			};
			name = Release;
		};
		C25EB8F51AF8A4F900B47AD5 /* Debug */ = {
			isa = XCBuildConfiguration;
			buildSettings = {
				BUNDLE_LOADER = "$(TEST_HOST)";
				FRAMEWORK_SEARCH_PATHS = (
					"$(SDKROOT)/Developer/Library/Frameworks",
					"$(inherited)",
				);
				GCC_PREPROCESSOR_DEFINITIONS = (
					"DEBUG=1",
					"$(inherited)",
				);
				INFOPLIST_FILE = BeanTests/Info.plist;
				LD_RUNPATH_SEARCH_PATHS = "$(inherited) @executable_path/Frameworks @loader_path/Frameworks";
				PRODUCT_NAME = "$(TARGET_NAME)";
				TEST_HOST = "$(BUILT_PRODUCTS_DIR)/Bean.app/Bean";
			};
			name = Debug;
		};
		C25EB8F61AF8A4F900B47AD5 /* Release */ = {
			isa = XCBuildConfiguration;
			buildSettings = {
				BUNDLE_LOADER = "$(TEST_HOST)";
				FRAMEWORK_SEARCH_PATHS = (
					"$(SDKROOT)/Developer/Library/Frameworks",
					"$(inherited)",
				);
				INFOPLIST_FILE = BeanTests/Info.plist;
				LD_RUNPATH_SEARCH_PATHS = "$(inherited) @executable_path/Frameworks @loader_path/Frameworks";
				PRODUCT_NAME = "$(TARGET_NAME)";
				TEST_HOST = "$(BUILT_PRODUCTS_DIR)/Bean.app/Bean";
			};
			name = Release;
		};
/* End XCBuildConfiguration section */

/* Begin XCConfigurationList section */
		C25EB8CF1AF8A4F900B47AD5 /* Build configuration list for PBXProject "Bean" */ = {
			isa = XCConfigurationList;
			buildConfigurations = (
				C25EB8EF1AF8A4F900B47AD5 /* Debug */,
				C25EB8F01AF8A4F900B47AD5 /* Release */,
			);
			defaultConfigurationIsVisible = 0;
			defaultConfigurationName = Release;
		};
		C25EB8F11AF8A4F900B47AD5 /* Build configuration list for PBXNativeTarget "Bean" */ = {
			isa = XCConfigurationList;
			buildConfigurations = (
				C25EB8F21AF8A4F900B47AD5 /* Debug */,
				C25EB8F31AF8A4F900B47AD5 /* Release */,
			);
			defaultConfigurationIsVisible = 0;
			defaultConfigurationName = Release;
		};
		C25EB8F41AF8A4F900B47AD5 /* Build configuration list for PBXNativeTarget "BeanTests" */ = {
			isa = XCConfigurationList;
			buildConfigurations = (
				C25EB8F51AF8A4F900B47AD5 /* Debug */,
				C25EB8F61AF8A4F900B47AD5 /* Release */,
			);
			defaultConfigurationIsVisible = 0;
			defaultConfigurationName = Release;
		};
/* End XCConfigurationList section */
	};
	rootObject = C25EB8CC1AF8A4F900B47AD5 /* Project object */;
}
