// !$*UTF8*$!
{
	archiveVersion = 1;
	classes = {
	};
	objectVersion = 46;
	objects = {

/* Begin PBXBuildFile section */
		C22170181AFA449B00B625E2 /* LTView.m in Sources */ = {isa = PBXBuildFile; fileRef = C221700E1AFA449B00B625E2 /* LTView.m */; };
		C22170191AFA449B00B625E2 /* LoginView.m in Sources */ = {isa = PBXBuildFile; fileRef = C22170111AFA449B00B625E2 /* LoginView.m */; };
		C221701A1AFA449B00B625E2 /* RegistView.m in Sources */ = {isa = PBXBuildFile; fileRef = C22170131AFA449B00B625E2 /* RegistView.m */; };
		C221701B1AFA449B00B625E2 /* LoginViewController.m in Sources */ = {isa = PBXBuildFile; fileRef = C22170151AFA449B00B625E2 /* LoginViewController.m */; };
		C221701C1AFA449B00B625E2 /* RegistViewController.m in Sources */ = {isa = PBXBuildFile; fileRef = C22170171AFA449B00B625E2 /* RegistViewController.m */; };
		C25EB8DA1AF8A4F900B47AD5 /* main.m in Sources */ = {isa = PBXBuildFile; fileRef = C25EB8D91AF8A4F900B47AD5 /* main.m */; };
		C25EB8DD1AF8A4F900B47AD5 /* AppDelegate.m in Sources */ = {isa = PBXBuildFile; fileRef = C25EB8DC1AF8A4F900B47AD5 /* AppDelegate.m */; };
		C25EB8DF1AF8A4F900B47AD5 /* Images.xcassets in Resources */ = {isa = PBXBuildFile; fileRef = C25EB8DE1AF8A4F900B47AD5 /* Images.xcassets */; };
		C25EB8E21AF8A4F900B47AD5 /* LaunchScreen.xib in Resources */ = {isa = PBXBuildFile; fileRef = C25EB8E01AF8A4F900B47AD5 /* LaunchScreen.xib */; };
		C25EB8EE1AF8A4F900B47AD5 /* BeanTests.m in Sources */ = {isa = PBXBuildFile; fileRef = C25EB8ED1AF8A4F900B47AD5 /* BeanTests.m */; };
		C25EB9021AF8A6E700B47AD5 /* ActivityListTableViewController.m in Sources */ = {isa = PBXBuildFile; fileRef = C25EB9011AF8A6E700B47AD5 /* ActivityListTableViewController.m */; };
		C25EB9051AF8A70800B47AD5 /* CinemaListTableViewController.m in Sources */ = {isa = PBXBuildFile; fileRef = C25EB9041AF8A70800B47AD5 /* CinemaListTableViewController.m */; };
		C25EB9081AF8A72F00B47AD5 /* MovieListTableViewController.m in Sources */ = {isa = PBXBuildFile; fileRef = C25EB9071AF8A72F00B47AD5 /* MovieListTableViewController.m */; };
		C25EB90B1AF8A75300B47AD5 /* UserTableViewController.m in Sources */ = {isa = PBXBuildFile; fileRef = C25EB90A1AF8A75300B47AD5 /* UserTableViewController.m */; };
		C25EB90E1AF8B2CC00B47AD5 /* ActivityDetailViewController.m in Sources */ = {isa = PBXBuildFile; fileRef = C25EB90D1AF8B2CC00B47AD5 /* ActivityDetailViewController.m */; };
		C25EB9111AF8B67F00B47AD5 /* MovieDetailViewController.m in Sources */ = {isa = PBXBuildFile; fileRef = C25EB9101AF8B67F00B47AD5 /* MovieDetailViewController.m */; };
		C25EB9141AF8B72100B47AD5 /* MyActivityTableViewController.m in Sources */ = {isa = PBXBuildFile; fileRef = C25EB9131AF8B72100B47AD5 /* MyActivityTableViewController.m */; };
		C25EB9171AF8B72E00B47AD5 /* MyMovieTableViewController.m in Sources */ = {isa = PBXBuildFile; fileRef = C25EB9161AF8B72E00B47AD5 /* MyMovieTableViewController.m */; };
		C25EB9221AF8C1C700B47AD5 /* UserSingelton.m in Sources */ = {isa = PBXBuildFile; fileRef = C25EB9211AF8C1C700B47AD5 /* UserSingelton.m */; };
		C2CC2DE91AF9A829005FE9B4 /* UILabel+Additional.m in Sources */ = {isa = PBXBuildFile; fileRef = C2CC2DE81AF9A829005FE9B4 /* UILabel+Additional.m */; };
		C2CC2DED1AF9A915005FE9B4 /* UITextField+Additional.m in Sources */ = {isa = PBXBuildFile; fileRef = C2CC2DEC1AF9A915005FE9B4 /* UITextField+Additional.m */; };
		C2CC2DF51AF9C91A005FE9B4 /* User.m in Sources */ = {isa = PBXBuildFile; fileRef = C2CC2DF41AF9C91A005FE9B4 /* User.m */; };
/* End PBXBuildFile section */

/* Begin PBXContainerItemProxy section */
		C25EB8E81AF8A4F900B47AD5 /* PBXContainerItemProxy */ = {
			isa = PBXContainerItemProxy;
			containerPortal = C25EB8CC1AF8A4F900B47AD5 /* Project object */;
			proxyType = 1;
			remoteGlobalIDString = C25EB8D31AF8A4F900B47AD5;
			remoteInfo = Bean;
		};
/* End PBXContainerItemProxy section */

/* Begin PBXFileReference section */
		C221700E1AFA449B00B625E2 /* LTView.m */ = {isa = PBXFileReference; fileEncoding = 4; lastKnownFileType = sourcecode.c.objc; path = LTView.m; sourceTree = "<group>"; };
		C221700F1AFA449B00B625E2 /* LoginView.h */ = {isa = PBXFileReference; fileEncoding = 4; lastKnownFileType = sourcecode.c.h; path = LoginView.h; sourceTree = "<group>"; };
		C22170101AFA449B00B625E2 /* LTView.h */ = {isa = PBXFileReference; fileEncoding = 4; lastKnownFileType = sourcecode.c.h; path = LTView.h; sourceTree = "<group>"; };
		C22170111AFA449B00B625E2 /* LoginView.m */ = {isa = PBXFileReference; fileEncoding = 4; lastKnownFileType = sourcecode.c.objc; path = LoginView.m; sourceTree = "<group>"; };
		C22170121AFA449B00B625E2 /* RegistView.h */ = {isa = PBXFileReference; fileEncoding = 4; lastKnownFileType = sourcecode.c.h; path = RegistView.h; sourceTree = "<group>"; };
		C22170131AFA449B00B625E2 /* RegistView.m */ = {isa = PBXFileReference; fileEncoding = 4; lastKnownFileType = sourcecode.c.objc; path = RegistView.m; sourceTree = "<group>"; };
		C22170141AFA449B00B625E2 /* LoginViewController.h */ = {isa = PBXFileReference; fileEncoding = 4; lastKnownFileType = sourcecode.c.h; path = LoginViewController.h; sourceTree = "<group>"; };
		C22170151AFA449B00B625E2 /* LoginViewController.m */ = {isa = PBXFileReference; fileEncoding = 4; lastKnownFileType = sourcecode.c.objc; path = LoginViewController.m; sourceTree = "<group>"; };
		C22170161AFA449B00B625E2 /* RegistViewController.h */ = {isa = PBXFileReference; fileEncoding = 4; lastKnownFileType = sourcecode.c.h; path = RegistViewController.h; sourceTree = "<group>"; };
		C22170171AFA449B00B625E2 /* RegistViewController.m */ = {isa = PBXFileReference; fileEncoding = 4; lastKnownFileType = sourcecode.c.objc; path = RegistViewController.m; sourceTree = "<group>"; };
		C25EB8D41AF8A4F900B47AD5 /* Bean.app */ = {isa = PBXFileReference; explicitFileType = wrapper.application; includeInIndex = 0; path = Bean.app; sourceTree = BUILT_PRODUCTS_DIR; };
		C25EB8D81AF8A4F900B47AD5 /* Info.plist */ = {isa = PBXFileReference; lastKnownFileType = text.plist.xml; path = Info.plist; sourceTree = "<group>"; };
		C25EB8D91AF8A4F900B47AD5 /* main.m */ = {isa = PBXFileReference; lastKnownFileType = sourcecode.c.objc; path = main.m; sourceTree = "<group>"; };
		C25EB8DB1AF8A4F900B47AD5 /* AppDelegate.h */ = {isa = PBXFileReference; lastKnownFileType = sourcecode.c.h; path = AppDelegate.h; sourceTree = "<group>"; };
		C25EB8DC1AF8A4F900B47AD5 /* AppDelegate.m */ = {isa = PBXFileReference; lastKnownFileType = sourcecode.c.objc; path = AppDelegate.m; sourceTree = "<group>"; };
		C25EB8DE1AF8A4F900B47AD5 /* Images.xcassets */ = {isa = PBXFileReference; lastKnownFileType = folder.assetcatalog; path = Images.xcassets; sourceTree = "<group>"; };
		C25EB8E11AF8A4F900B47AD5 /* Base */ = {isa = PBXFileReference; lastKnownFileType = file.xib; name = Base; path = Base.lproj/LaunchScreen.xib; sourceTree = "<group>"; };
		C25EB8E71AF8A4F900B47AD5 /* BeanTests.xctest */ = {isa = PBXFileReference; explicitFileType = wrapper.cfbundle; includeInIndex = 0; path = BeanTests.xctest; sourceTree = BUILT_PRODUCTS_DIR; };
		C25EB8EC1AF8A4F900B47AD5 /* Info.plist */ = {isa = PBXFileReference; lastKnownFileType = text.plist.xml; path = Info.plist; sourceTree = "<group>"; };
		C25EB8ED1AF8A4F900B47AD5 /* BeanTests.m */ = {isa = PBXFileReference; lastKnownFileType = sourcecode.c.objc; path = BeanTests.m; sourceTree = "<group>"; };
		C25EB9001AF8A6E700B47AD5 /* ActivityListTableViewController.h */ = {isa = PBXFileReference; fileEncoding = 4; lastKnownFileType = sourcecode.c.h; path = ActivityListTableViewController.h; sourceTree = "<group>"; };
		C25EB9011AF8A6E700B47AD5 /* ActivityListTableViewController.m */ = {isa = PBXFileReference; fileEncoding = 4; lastKnownFileType = sourcecode.c.objc; path = ActivityListTableViewController.m; sourceTree = "<group>"; };
		C25EB9031AF8A70800B47AD5 /* CinemaListTableViewController.h */ = {isa = PBXFileReference; fileEncoding = 4; lastKnownFileType = sourcecode.c.h; path = CinemaListTableViewController.h; sourceTree = "<group>"; };
		C25EB9041AF8A70800B47AD5 /* CinemaListTableViewController.m */ = {isa = PBXFileReference; fileEncoding = 4; lastKnownFileType = sourcecode.c.objc; path = CinemaListTableViewController.m; sourceTree = "<group>"; };
		C25EB9061AF8A72F00B47AD5 /* MovieListTableViewController.h */ = {isa = PBXFileReference; fileEncoding = 4; lastKnownFileType = sourcecode.c.h; path = MovieListTableViewController.h; sourceTree = "<group>"; };
		C25EB9071AF8A72F00B47AD5 /* MovieListTableViewController.m */ = {isa = PBXFileReference; fileEncoding = 4; lastKnownFileType = sourcecode.c.objc; path = MovieListTableViewController.m; sourceTree = "<group>"; };
		C25EB9091AF8A75300B47AD5 /* UserTableViewController.h */ = {isa = PBXFileReference; fileEncoding = 4; lastKnownFileType = sourcecode.c.h; path = UserTableViewController.h; sourceTree = "<group>"; };
		C25EB90A1AF8A75300B47AD5 /* UserTableViewController.m */ = {isa = PBXFileReference; fileEncoding = 4; lastKnownFileType = sourcecode.c.objc; path = UserTableViewController.m; sourceTree = "<group>"; };
		C25EB90C1AF8B2CC00B47AD5 /* ActivityDetailViewController.h */ = {isa = PBXFileReference; fileEncoding = 4; lastKnownFileType = sourcecode.c.h; path = ActivityDetailViewController.h; sourceTree = "<group>"; };
		C25EB90D1AF8B2CC00B47AD5 /* ActivityDetailViewController.m */ = {isa = PBXFileReference; fileEncoding = 4; lastKnownFileType = sourcecode.c.objc; path = ActivityDetailViewController.m; sourceTree = "<group>"; };
		C25EB90F1AF8B67F00B47AD5 /* MovieDetailViewController.h */ = {isa = PBXFileReference; fileEncoding = 4; lastKnownFileType = sourcecode.c.h; path = MovieDetailViewController.h; sourceTree = "<group>"; };
		C25EB9101AF8B67F00B47AD5 /* MovieDetailViewController.m */ = {isa = PBXFileReference; fileEncoding = 4; lastKnownFileType = sourcecode.c.objc; path = MovieDetailViewController.m; sourceTree = "<group>"; };
		C25EB9121AF8B72100B47AD5 /* MyActivityTableViewController.h */ = {isa = PBXFileReference; fileEncoding = 4; lastKnownFileType = sourcecode.c.h; path = MyActivityTableViewController.h; sourceTree = "<group>"; };
		C25EB9131AF8B72100B47AD5 /* MyActivityTableViewController.m */ = {isa = PBXFileReference; fileEncoding = 4; lastKnownFileType = sourcecode.c.objc; path = MyActivityTableViewController.m; sourceTree = "<group>"; };
		C25EB9151AF8B72E00B47AD5 /* MyMovieTableViewController.h */ = {isa = PBXFileReference; fileEncoding = 4; lastKnownFileType = sourcecode.c.h; path = MyMovieTableViewController.h; sourceTree = "<group>"; };
		C25EB9161AF8B72E00B47AD5 /* MyMovieTableViewController.m */ = {isa = PBXFileReference; fileEncoding = 4; lastKnownFileType = sourcecode.c.objc; path = MyMovieTableViewController.m; sourceTree = "<group>"; };
		C25EB9201AF8C1C700B47AD5 /* UserSingelton.h */ = {isa = PBXFileReference; fileEncoding = 4; lastKnownFileType = sourcecode.c.h; path = UserSingelton.h; sourceTree = "<group>"; };
		C25EB9211AF8C1C700B47AD5 /* UserSingelton.m */ = {isa = PBXFileReference; fileEncoding = 4; lastKnownFileType = sourcecode.c.objc; path = UserSingelton.m; sourceTree = "<group>"; };
		C2CC2DE71AF9A829005FE9B4 /* UILabel+Additional.h */ = {isa = PBXFileReference; fileEncoding = 4; lastKnownFileType = sourcecode.c.h; path = "UILabel+Additional.h"; sourceTree = "<group>"; };
		C2CC2DE81AF9A829005FE9B4 /* UILabel+Additional.m */ = {isa = PBXFileReference; fileEncoding = 4; lastKnownFileType = sourcecode.c.objc; path = "UILabel+Additional.m"; sourceTree = "<group>"; };
		C2CC2DEB1AF9A915005FE9B4 /* UITextField+Additional.h */ = {isa = PBXFileReference; fileEncoding = 4; lastKnownFileType = sourcecode.c.h; path = "UITextField+Additional.h"; sourceTree = "<group>"; };
		C2CC2DEC1AF9A915005FE9B4 /* UITextField+Additional.m */ = {isa = PBXFileReference; fileEncoding = 4; lastKnownFileType = sourcecode.c.objc; path = "UITextField+Additional.m"; sourceTree = "<group>"; };
		C2CC2DF31AF9C91A005FE9B4 /* User.h */ = {isa = PBXFileReference; fileEncoding = 4; lastKnownFileType = sourcecode.c.h; path = User.h; sourceTree = "<group>"; };
		C2CC2DF41AF9C91A005FE9B4 /* User.m */ = {isa = PBXFileReference; fileEncoding = 4; lastKnownFileType = sourcecode.c.objc; path = User.m; sourceTree = "<group>"; };
/* End PBXFileReference section */

/* Begin PBXFrameworksBuildPhase section */
		C25EB8D11AF8A4F900B47AD5 /* Frameworks */ = {
			isa = PBXFrameworksBuildPhase;
			buildActionMask = 2147483647;
			files = (
			);
			runOnlyForDeploymentPostprocessing = 0;
		};
		C25EB8E41AF8A4F900B47AD5 /* Frameworks */ = {
			isa = PBXFrameworksBuildPhase;
			buildActionMask = 2147483647;
			files = (
			);
			runOnlyForDeploymentPostprocessing = 0;
		};
/* End PBXFrameworksBuildPhase section */

/* Begin PBXGroup section */
		C25EB8CB1AF8A4F900B47AD5 = {
			isa = PBXGroup;
			children = (
				C2CC2DF21AF9C902005FE9B4 /* Model */,
				C2CC2DE61AF9A802005FE9B4 /* Common */,
				C25EB91F1AF8C1A900B47AD5 /* Singelton */,
				C25EB8F71AF8A60000B47AD5 /* Activity */,
				C25EB8F81AF8A60000B47AD5 /* Cinema */,
				C25EB8F91AF8A60000B47AD5 /* Login */,
				C25EB8FA1AF8A60000B47AD5 /* Movie */,
				C25EB8FB1AF8A60000B47AD5 /* User */,
				C25EB8D61AF8A4F900B47AD5 /* Bean */,
				C25EB8EA1AF8A4F900B47AD5 /* BeanTests */,
				C25EB8D51AF8A4F900B47AD5 /* Products */,
			);
			sourceTree = "<group>";
		};
		C25EB8D51AF8A4F900B47AD5 /* Products */ = {
			isa = PBXGroup;
			children = (
				C25EB8D41AF8A4F900B47AD5 /* Bean.app */,
				C25EB8E71AF8A4F900B47AD5 /* BeanTests.xctest */,
			);
			name = Products;
			sourceTree = "<group>";
		};
		C25EB8D61AF8A4F900B47AD5 /* Bean */ = {
			isa = PBXGroup;
			children = (
				C25EB8DB1AF8A4F900B47AD5 /* AppDelegate.h */,
				C25EB8DC1AF8A4F900B47AD5 /* AppDelegate.m */,
				C25EB8DE1AF8A4F900B47AD5 /* Images.xcassets */,
				C25EB8E01AF8A4F900B47AD5 /* LaunchScreen.xib */,
				C25EB8D71AF8A4F900B47AD5 /* Supporting Files */,
			);
			path = Bean;
			sourceTree = "<group>";
		};
		C25EB8D71AF8A4F900B47AD5 /* Supporting Files */ = {
			isa = PBXGroup;
			children = (
				C25EB8D81AF8A4F900B47AD5 /* Info.plist */,
				C25EB8D91AF8A4F900B47AD5 /* main.m */,
			);
			name = "Supporting Files";
			sourceTree = "<group>";
		};
		C25EB8EA1AF8A4F900B47AD5 /* BeanTests */ = {
			isa = PBXGroup;
			children = (
				C25EB8ED1AF8A4F900B47AD5 /* BeanTests.m */,
				C25EB8EB1AF8A4F900B47AD5 /* Supporting Files */,
			);
			path = BeanTests;
			sourceTree = "<group>";
		};
		C25EB8EB1AF8A4F900B47AD5 /* Supporting Files */ = {
			isa = PBXGroup;
			children = (
				C25EB8EC1AF8A4F900B47AD5 /* Info.plist */,
			);
			name = "Supporting Files";
			sourceTree = "<group>";
		};
		C25EB8F71AF8A60000B47AD5 /* Activity */ = {
			isa = PBXGroup;
			children = (
				C25EB9001AF8A6E700B47AD5 /* ActivityListTableViewController.h */,
				C25EB9011AF8A6E700B47AD5 /* ActivityListTableViewController.m */,
				C25EB90C1AF8B2CC00B47AD5 /* ActivityDetailViewController.h */,
				C25EB90D1AF8B2CC00B47AD5 /* ActivityDetailViewController.m */,
			);
			name = Activity;
			path = Bean/Activity;
			sourceTree = "<group>";
		};
		C25EB8F81AF8A60000B47AD5 /* Cinema */ = {
			isa = PBXGroup;
			children = (
				C25EB9031AF8A70800B47AD5 /* CinemaListTableViewController.h */,
				C25EB9041AF8A70800B47AD5 /* CinemaListTableViewController.m */,
			);
			name = Cinema;
			path = Bean/Cinema;
			sourceTree = "<group>";
		};
		C25EB8F91AF8A60000B47AD5 /* Login */ = {
			isa = PBXGroup;
			children = (
				C221700F1AFA449B00B625E2 /* LoginView.h */,
				C22170111AFA449B00B625E2 /* LoginView.m */,
				C221700E1AFA449B00B625E2 /* LTView.m */,
				C22170101AFA449B00B625E2 /* LTView.h */,
				C22170121AFA449B00B625E2 /* RegistView.h */,
				C22170131AFA449B00B625E2 /* RegistView.m */,
				C22170141AFA449B00B625E2 /* LoginViewController.h */,
				C22170151AFA449B00B625E2 /* LoginViewController.m */,
				C22170161AFA449B00B625E2 /* RegistViewController.h */,
				C22170171AFA449B00B625E2 /* RegistViewController.m */,
			);
			name = Login;
			path = Bean/Login;
			sourceTree = "<group>";
		};
		C25EB8FA1AF8A60000B47AD5 /* Movie */ = {
			isa = PBXGroup;
			children = (
				C25EB9061AF8A72F00B47AD5 /* MovieListTableViewController.h */,
				C25EB9071AF8A72F00B47AD5 /* MovieListTableViewController.m */,
				C25EB90F1AF8B67F00B47AD5 /* MovieDetailViewController.h */,
				C25EB9101AF8B67F00B47AD5 /* MovieDetailViewController.m */,
			);
			name = Movie;
			path = Bean/Movie;
			sourceTree = "<group>";
		};
		C25EB8FB1AF8A60000B47AD5 /* User */ = {
			isa = PBXGroup;
			children = (
				C25EB9091AF8A75300B47AD5 /* UserTableViewController.h */,
				C25EB90A1AF8A75300B47AD5 /* UserTableViewController.m */,
				C25EB9121AF8B72100B47AD5 /* MyActivityTableViewController.h */,
				C25EB9131AF8B72100B47AD5 /* MyActivityTableViewController.m */,
				C25EB9151AF8B72E00B47AD5 /* MyMovieTableViewController.h */,
				C25EB9161AF8B72E00B47AD5 /* MyMovieTableViewController.m */,
			);
			name = User;
			path = Bean/User;
			sourceTree = "<group>";
		};
		C25EB91F1AF8C1A900B47AD5 /* Singelton */ = {
			isa = PBXGroup;
			children = (
				C25EB9201AF8C1C700B47AD5 /* UserSingelton.h */,
				C25EB9211AF8C1C700B47AD5 /* UserSingelton.m */,
			);
			name = Singelton;
			path = Bean/Singelton;
			sourceTree = "<group>";
		};
		C2CC2DE61AF9A802005FE9B4 /* Common */ = {
			isa = PBXGroup;
			children = (
				C2CC2DE71AF9A829005FE9B4 /* UILabel+Additional.h */,
				C2CC2DE81AF9A829005FE9B4 /* UILabel+Additional.m */,
				C2CC2DEB1AF9A915005FE9B4 /* UITextField+Additional.h */,
				C2CC2DEC1AF9A915005FE9B4 /* UITextField+Additional.m */,
			);
			name = Common;
			path = Bean/Common;
			sourceTree = "<group>";
		};
		C2CC2DF21AF9C902005FE9B4 /* Model */ = {
			isa = PBXGroup;
			children = (
				C2CC2DF31AF9C91A005FE9B4 /* User.h */,
				C2CC2DF41AF9C91A005FE9B4 /* User.m */,
			);
			name = Model;
			path = Bean/Model;
			sourceTree = "<group>";
		};
/* End PBXGroup section */

/* Begin PBXNativeTarget section */
		C25EB8D31AF8A4F900B47AD5 /* Bean */ = {
			isa = PBXNativeTarget;
			buildConfigurationList = C25EB8F11AF8A4F900B47AD5 /* Build configuration list for PBXNativeTarget "Bean" */;
			buildPhases = (
				C25EB8D01AF8A4F900B47AD5 /* Sources */,
				C25EB8D11AF8A4F900B47AD5 /* Frameworks */,
				C25EB8D21AF8A4F900B47AD5 /* Resources */,
			);
			buildRules = (
			);
			dependencies = (
			);
			name = Bean;
			productName = Bean;
			productReference = C25EB8D41AF8A4F900B47AD5 /* Bean.app */;
			productType = "com.apple.product-type.application";
		};
		C25EB8E61AF8A4F900B47AD5 /* BeanTests */ = {
			isa = PBXNativeTarget;
			buildConfigurationList = C25EB8F41AF8A4F900B47AD5 /* Build configuration list for PBXNativeTarget "BeanTests" */;
			buildPhases = (
				C25EB8E31AF8A4F900B47AD5 /* Sources */,
				C25EB8E41AF8A4F900B47AD5 /* Frameworks */,
				C25EB8E51AF8A4F900B47AD5 /* Resources */,
			);
			buildRules = (
			);
			dependencies = (
				C25EB8E91AF8A4F900B47AD5 /* PBXTargetDependency */,
			);
			name = BeanTests;
			productName = BeanTests;
			productReference = C25EB8E71AF8A4F900B47AD5 /* BeanTests.xctest */;
			productType = "com.apple.product-type.bundle.unit-test";
		};
/* End PBXNativeTarget section */

/* Begin PBXProject section */
		C25EB8CC1AF8A4F900B47AD5 /* Project object */ = {
			isa = PBXProject;
			attributes = {
				LastUpgradeCheck = 0620;
				ORGANIZATIONNAME = guanxiaobai;
				TargetAttributes = {
					C25EB8D31AF8A4F900B47AD5 = {
						CreatedOnToolsVersion = 6.2;
					};
					C25EB8E61AF8A4F900B47AD5 = {
						CreatedOnToolsVersion = 6.2;
						TestTargetID = C25EB8D31AF8A4F900B47AD5;
					};
				};
			};
			buildConfigurationList = C25EB8CF1AF8A4F900B47AD5 /* Build configuration list for PBXProject "Bean" */;
			compatibilityVersion = "Xcode 3.2";
			developmentRegion = English;
			hasScannedForEncodings = 0;
			knownRegions = (
				en,
				Base,
			);
			mainGroup = C25EB8CB1AF8A4F900B47AD5;
			productRefGroup = C25EB8D51AF8A4F900B47AD5 /* Products */;
			projectDirPath = "";
			projectRoot = "";
			targets = (
				C25EB8D31AF8A4F900B47AD5 /* Bean */,
				C25EB8E61AF8A4F900B47AD5 /* BeanTests */,
			);
		};
/* End PBXProject section */

/* Begin PBXResourcesBuildPhase section */
		C25EB8D21AF8A4F900B47AD5 /* Resources */ = {
			isa = PBXResourcesBuildPhase;
			buildActionMask = 2147483647;
			files = (
				C25EB8E21AF8A4F900B47AD5 /* LaunchScreen.xib in Resources */,
				C25EB8DF1AF8A4F900B47AD5 /* Images.xcassets in Resources */,
			);
			runOnlyForDeploymentPostprocessing = 0;
		};
		C25EB8E51AF8A4F900B47AD5 /* Resources */ = {
			isa = PBXResourcesBuildPhase;
			buildActionMask = 2147483647;
			files = (
			);
			runOnlyForDeploymentPostprocessing = 0;
		};
/* End PBXResourcesBuildPhase section */

/* Begin PBXSourcesBuildPhase section */
		C25EB8D01AF8A4F900B47AD5 /* Sources */ = {
			isa = PBXSourcesBuildPhase;
			buildActionMask = 2147483647;
			files = (
				C221701A1AFA449B00B625E2 /* RegistView.m in Sources */,
				C25EB9171AF8B72E00B47AD5 /* MyMovieTableViewController.m in Sources */,
				C25EB9141AF8B72100B47AD5 /* MyActivityTableViewController.m in Sources */,
				C25EB9111AF8B67F00B47AD5 /* MovieDetailViewController.m in Sources */,
				C25EB90B1AF8A75300B47AD5 /* UserTableViewController.m in Sources */,
				C2CC2DED1AF9A915005FE9B4 /* UITextField+Additional.m in Sources */,
				C25EB9221AF8C1C700B47AD5 /* UserSingelton.m in Sources */,
				C25EB9021AF8A6E700B47AD5 /* ActivityListTableViewController.m in Sources */,
				C25EB8DD1AF8A4F900B47AD5 /* AppDelegate.m in Sources */,
				C2CC2DE91AF9A829005FE9B4 /* UILabel+Additional.m in Sources */,
				C25EB9081AF8A72F00B47AD5 /* MovieListTableViewController.m in Sources */,
				C22170191AFA449B00B625E2 /* LoginView.m in Sources */,
				C221701C1AFA449B00B625E2 /* RegistViewController.m in Sources */,
				C25EB9051AF8A70800B47AD5 /* CinemaListTableViewController.m in Sources */,
				C25EB8DA1AF8A4F900B47AD5 /* main.m in Sources */,
				C221701B1AFA449B00B625E2 /* LoginViewController.m in Sources */,
				C2CC2DF51AF9C91A005FE9B4 /* User.m in Sources */,
				C25EB90E1AF8B2CC00B47AD5 /* ActivityDetailViewController.m in Sources */,
				C22170181AFA449B00B625E2 /* LTView.m in Sources */,
			);
			runOnlyForDeploymentPostprocessing = 0;
		};
		C25EB8E31AF8A4F900B47AD5 /* Sources */ = {
			isa = PBXSourcesBuildPhase;
			buildActionMask = 2147483647;
			files = (
				C25EB8EE1AF8A4F900B47AD5 /* BeanTests.m in Sources */,
			);
			runOnlyForDeploymentPostprocessing = 0;
		};
/* End PBXSourcesBuildPhase section */

/* Begin PBXTargetDependency section */
		C25EB8E91AF8A4F900B47AD5 /* PBXTargetDependency */ = {
			isa = PBXTargetDependency;
			target = C25EB8D31AF8A4F900B47AD5 /* Bean */;
			targetProxy = C25EB8E81AF8A4F900B47AD5 /* PBXContainerItemProxy */;
		};
/* End PBXTargetDependency section */

/* Begin PBXVariantGroup section */
		C25EB8E01AF8A4F900B47AD5 /* LaunchScreen.xib */ = {
			isa = PBXVariantGroup;
			children = (
				C25EB8E11AF8A4F900B47AD5 /* Base */,
			);
			name = LaunchScreen.xib;
			sourceTree = "<group>";
		};
/* End PBXVariantGroup section */

/* Begin XCBuildConfiguration section */
		C25EB8EF1AF8A4F900B47AD5 /* Debug */ = {
			isa = XCBuildConfiguration;
			buildSettings = {
				ALWAYS_SEARCH_USER_PATHS = NO;
				CLANG_CXX_LANGUAGE_STANDARD = "gnu++0x";
				CLANG_CXX_LIBRARY = "libc++";
				CLANG_ENABLE_MODULES = YES;
				CLANG_ENABLE_OBJC_ARC = YES;
				CLANG_WARN_BOOL_CONVERSION = YES;
				CLANG_WARN_CONSTANT_CONVERSION = YES;
				CLANG_WARN_DIRECT_OBJC_ISA_USAGE = YES_ERROR;
				CLANG_WARN_EMPTY_BODY = YES;
				CLANG_WARN_ENUM_CONVERSION = YES;
				CLANG_WARN_INT_CONVERSION = YES;
				CLANG_WARN_OBJC_ROOT_CLASS = YES_ERROR;
				CLANG_WARN_UNREACHABLE_CODE = YES;
				CLANG_WARN__DUPLICATE_METHOD_MATCH = YES;
				CODE_SIGN_IDENTITY = "iPhone Developer: Yayun Cui (G392G3GC66)";
				"CODE_SIGN_IDENTITY[sdk=iphoneos*]" = "iPhone Developer";
				COPY_PHASE_STRIP = NO;
				ENABLE_STRICT_OBJC_MSGSEND = YES;
				GCC_C_LANGUAGE_STANDARD = gnu99;
				GCC_DYNAMIC_NO_PIC = NO;
				GCC_OPTIMIZATION_LEVEL = 0;
				GCC_PREPROCESSOR_DEFINITIONS = (
					"DEBUG=1",
					"$(inherited)",
				);
				GCC_SYMBOLS_PRIVATE_EXTERN = NO;
				GCC_WARN_64_TO_32_BIT_CONVERSION = YES;
				GCC_WARN_ABOUT_RETURN_TYPE = YES_ERROR;
				GCC_WARN_UNDECLARED_SELECTOR = YES;
				GCC_WARN_UNINITIALIZED_AUTOS = YES_AGGRESSIVE;
				GCC_WARN_UNUSED_FUNCTION = YES;
				GCC_WARN_UNUSED_VARIABLE = YES;
				IPHONEOS_DEPLOYMENT_TARGET = 7.0;
				MTL_ENABLE_DEBUG_INFO = YES;
				ONLY_ACTIVE_ARCH = YES;
				SDKROOT = iphoneos;
			};
			name = Debug;
		};
		C25EB8F01AF8A4F900B47AD5 /* Release */ = {
			isa = XCBuildConfiguration;
			buildSettings = {
				ALWAYS_SEARCH_USER_PATHS = NO;
				CLANG_CXX_LANGUAGE_STANDARD = "gnu++0x";
				CLANG_CXX_LIBRARY = "libc++";
				CLANG_ENABLE_MODULES = YES;
				CLANG_ENABLE_OBJC_ARC = YES;
				CLANG_WARN_BOOL_CONVERSION = YES;
				CLANG_WARN_CONSTANT_CONVERSION = YES;
				CLANG_WARN_DIRECT_OBJC_ISA_USAGE = YES_ERROR;
				CLANG_WARN_EMPTY_BODY = YES;
				CLANG_WARN_ENUM_CONVERSION = YES;
				CLANG_WARN_INT_CONVERSION = YES;
				CLANG_WARN_OBJC_ROOT_CLASS = YES_ERROR;
				CLANG_WARN_UNREACHABLE_CODE = YES;
				CLANG_WARN__DUPLICATE_METHOD_MATCH = YES;
				CODE_SIGN_IDENTITY = "iPhone Developer: Yayun Cui (G392G3GC66)";
				"CODE_SIGN_IDENTITY[sdk=iphoneos*]" = "iPhone Developer";
				COPY_PHASE_STRIP = NO;
				ENABLE_NS_ASSERTIONS = NO;
				ENABLE_STRICT_OBJC_MSGSEND = YES;
				GCC_C_LANGUAGE_STANDARD = gnu99;
				GCC_WARN_64_TO_32_BIT_CONVERSION = YES;
				GCC_WARN_ABOUT_RETURN_TYPE = YES_ERROR;
				GCC_WARN_UNDECLARED_SELECTOR = YES;
				GCC_WARN_UNINITIALIZED_AUTOS = YES_AGGRESSIVE;
				GCC_WARN_UNUSED_FUNCTION = YES;
				GCC_WARN_UNUSED_VARIABLE = YES;
				IPHONEOS_DEPLOYMENT_TARGET = 7.0;
				MTL_ENABLE_DEBUG_INFO = NO;
				SDKROOT = iphoneos;
				VALIDATE_PRODUCT = YES;
			};
			name = Release;
		};
		C25EB8F21AF8A4F900B47AD5 /* Debug */ = {
			isa = XCBuildConfiguration;
			buildSettings = {
				ASSETCATALOG_COMPILER_APPICON_NAME = AppIcon;
				CLANG_ENABLE_OBJC_ARC = NO;
				CODE_SIGN_IDENTITY = "iPhone Developer: Yayun Cui (G392G3GC66)";
				INFOPLIST_FILE = Bean/Info.plist;
				LD_RUNPATH_SEARCH_PATHS = "$(inherited) @executable_path/Frameworks";
				PRODUCT_NAME = "$(TARGET_NAME)";
				PROVISIONING_PROFILE = "dc4ded32-56eb-4b5a-b86b-0ac2fa1038f6";
			};
			name = Debug;
		};
		C25EB8F31AF8A4F900B47AD5 /* Release */ = {
			isa = XCBuildConfiguration;
			buildSettings = {
				ASSETCATALOG_COMPILER_APPICON_NAME = AppIcon;
				CLANG_ENABLE_OBJC_ARC = NO;
				CODE_SIGN_IDENTITY = "iPhone Developer: Yayun Cui (G392G3GC66)";
				INFOPLIST_FILE = Bean/Info.plist;
				LD_RUNPATH_SEARCH_PATHS = "$(inherited) @executable_path/Frameworks";
				PRODUCT_NAME = "$(TARGET_NAME)";
				PROVISIONING_PROFILE = "dc4ded32-56eb-4b5a-b86b-0ac2fa1038f6";
			};
			name = Release;
		};
		C25EB8F51AF8A4F900B47AD5 /* Debug */ = {
			isa = XCBuildConfiguration;
			buildSettings = {
				BUNDLE_LOADER = "$(TEST_HOST)";
				FRAMEWORK_SEARCH_PATHS = (
					"$(SDKROOT)/Developer/Library/Frameworks",
					"$(inherited)",
				);
				GCC_PREPROCESSOR_DEFINITIONS = (
					"DEBUG=1",
					"$(inherited)",
				);
				INFOPLIST_FILE = BeanTests/Info.plist;
				LD_RUNPATH_SEARCH_PATHS = "$(inherited) @executable_path/Frameworks @loader_path/Frameworks";
				PRODUCT_NAME = "$(TARGET_NAME)";
				TEST_HOST = "$(BUILT_PRODUCTS_DIR)/Bean.app/Bean";
			};
			name = Debug;
		};
		C25EB8F61AF8A4F900B47AD5 /* Release */ = {
			isa = XCBuildConfiguration;
			buildSettings = {
				BUNDLE_LOADER = "$(TEST_HOST)";
				FRAMEWORK_SEARCH_PATHS = (
					"$(SDKROOT)/Developer/Library/Frameworks",
					"$(inherited)",
				);
				INFOPLIST_FILE = BeanTests/Info.plist;
				LD_RUNPATH_SEARCH_PATHS = "$(inherited) @executable_path/Frameworks @loader_path/Frameworks";
				PRODUCT_NAME = "$(TARGET_NAME)";
				TEST_HOST = "$(BUILT_PRODUCTS_DIR)/Bean.app/Bean";
			};
			name = Release;
		};
/* End XCBuildConfiguration section */

/* Begin XCConfigurationList section */
		C25EB8CF1AF8A4F900B47AD5 /* Build configuration list for PBXProject "Bean" */ = {
			isa = XCConfigurationList;
			buildConfigurations = (
				C25EB8EF1AF8A4F900B47AD5 /* Debug */,
				C25EB8F01AF8A4F900B47AD5 /* Release */,
			);
			defaultConfigurationIsVisible = 0;
			defaultConfigurationName = Release;
		};
		C25EB8F11AF8A4F900B47AD5 /* Build configuration list for PBXNativeTarget "Bean" */ = {
			isa = XCConfigurationList;
			buildConfigurations = (
				C25EB8F21AF8A4F900B47AD5 /* Debug */,
				C25EB8F31AF8A4F900B47AD5 /* Release */,
			);
			defaultConfigurationIsVisible = 0;
			defaultConfigurationName = Release;
		};
		C25EB8F41AF8A4F900B47AD5 /* Build configuration list for PBXNativeTarget "BeanTests" */ = {
			isa = XCConfigurationList;
			buildConfigurations = (
				C25EB8F51AF8A4F900B47AD5 /* Debug */,
				C25EB8F61AF8A4F900B47AD5 /* Release */,
			);
			defaultConfigurationIsVisible = 0;
			defaultConfigurationName = Release;
		};
/* End XCConfigurationList section */
	};
	rootObject = C25EB8CC1AF8A4F900B47AD5 /* Project object */;
}
